
Microsoft Visual Studio Solution File, Format Version 12.00
# Visual Studio Version 17
VisualStudioVersion = 17.4.32916.344
MinimumVisualStudioVersion = 10.0.40219.1
Project("{FAE04EC0-301F-11D3-BF4B-00C04F79EFBC}") = "Checkers", "Checkers\Checkers.csproj", "{FA8F297D-DD80-45CC-A3F6-10312A32FE39}"
EndProject
Global
	GlobalSection(SolutionConfigurationPlatforms) = preSolution
		Debug|Any CPU = Debug|Any CPU
		Release|Any CPU = Release|Any CPU
	EndGlobalSection
	GlobalSection(ProjectConfigurationPlatforms) = postSolution
		{FA8F297D-DD80-45CC-A3F6-10312A32FE39}.Debug|Any CPU.ActiveCfg = Debug|Any CPU
		{FA8F297D-DD80-45CC-A3F6-10312A32FE39}.Debug|Any CPU.Build.0 = Debug|Any CPU
		{FA8F297D-DD80-45CC-A3F6-10312A32FE39}.Release|Any CPU.ActiveCfg = Release|Any CPU
		{FA8F297D-DD80-45CC-A3F6-10312A32FE39}.Release|Any CPU.Build.0 = Release|Any CPU
	EndGlobalSection
	GlobalSection(SolutionProperties) = preSolution
		HideSolutionNode = FALSE
	EndGlobalSection
	GlobalSection(ExtensibilityGlobals) = postSolution
		SolutionGuid = {E040947F-80D9-409E-9244-4A6D6CC9D790}
	EndGlobalSection
EndGlobal
